
Microsoft Visual Studio Solution File, Format Version 12.00
# Visual Studio Version 17
VisualStudioVersion = 17.8.34330.188
MinimumVisualStudioVersion = 10.0.40219.1
Project("{FAE04EC0-301F-11D3-BF4B-00C04F79EFBC}") = "RealmCraft", "RealmCraft\RealmCraft.csproj", "{FC4CC56B-DE91-4299-BCC8-70BF7B5BAD88}"
EndProject
Global
	GlobalSection(SolutionConfigurationPlatforms) = preSolution
		Debug|Any CPU = Debug|Any CPU
		Release|Any CPU = Release|Any CPU
	EndGlobalSection
	GlobalSection(ProjectConfigurationPlatforms) = postSolution
		{FC4CC56B-DE91-4299-BCC8-70BF7B5BAD88}.Debug|Any CPU.ActiveCfg = Debug|Any CPU
		{FC4CC56B-DE91-4299-BCC8-70BF7B5BAD88}.Debug|Any CPU.Build.0 = Debug|Any CPU
		{FC4CC56B-DE91-4299-BCC8-70BF7B5BAD88}.Release|Any CPU.ActiveCfg = Release|Any CPU
		{FC4CC56B-DE91-4299-BCC8-70BF7B5BAD88}.Release|Any CPU.Build.0 = Release|Any CPU
	EndGlobalSection
	GlobalSection(SolutionProperties) = preSolution
		HideSolutionNode = FALSE
	EndGlobalSection
	GlobalSection(ExtensibilityGlobals) = postSolution
		SolutionGuid = {68D855D0-2B6C-4C8E-B409-F43658B2A661}
	EndGlobalSection
EndGlobal
