
Microsoft Visual Studio Solution File, Format Version 12.00
# Visual Studio Version 17
VisualStudioVersion = 17.8.34330.188
MinimumVisualStudioVersion = 10.0.40219.1
Project("{FAE04EC0-301F-11D3-BF4B-00C04F79EFBC}") = "Task4", "Task4\Task4.csproj", "{AD167D16-D389-4578-B51B-6E078F7A8E54}"
EndProject
Global
	GlobalSection(SolutionConfigurationPlatforms) = preSolution
		Debug|Any CPU = Debug|Any CPU
		Release|Any CPU = Release|Any CPU
	EndGlobalSection
	GlobalSection(ProjectConfigurationPlatforms) = postSolution
		{AD167D16-D389-4578-B51B-6E078F7A8E54}.Debug|Any CPU.ActiveCfg = Debug|Any CPU
		{AD167D16-D389-4578-B51B-6E078F7A8E54}.Debug|Any CPU.Build.0 = Debug|Any CPU
		{AD167D16-D389-4578-B51B-6E078F7A8E54}.Release|Any CPU.ActiveCfg = Release|Any CPU
		{AD167D16-D389-4578-B51B-6E078F7A8E54}.Release|Any CPU.Build.0 = Release|Any CPU
	EndGlobalSection
	GlobalSection(SolutionProperties) = preSolution
		HideSolutionNode = FALSE
	EndGlobalSection
	GlobalSection(ExtensibilityGlobals) = postSolution
		SolutionGuid = {DA71E790-DE1A-4EFD-B989-3D633981566B}
	EndGlobalSection
EndGlobal
