
Microsoft Visual Studio Solution File, Format Version 12.00
# Visual Studio Version 17
VisualStudioVersion = 17.8.34330.188
MinimumVisualStudioVersion = 10.0.40219.1
Project("{FAE04EC0-301F-11D3-BF4B-00C04F79EFBC}") = "Program", "Program\Program.csproj", "{C1A7BE16-E2D6-4782-905D-8BC105304365}"
EndProject
Global
	GlobalSection(SolutionConfigurationPlatforms) = preSolution
		Debug|Any CPU = Debug|Any CPU
		Release|Any CPU = Release|Any CPU
	EndGlobalSection
	GlobalSection(ProjectConfigurationPlatforms) = postSolution
		{C1A7BE16-E2D6-4782-905D-8BC105304365}.Debug|Any CPU.ActiveCfg = Debug|Any CPU
		{C1A7BE16-E2D6-4782-905D-8BC105304365}.Debug|Any CPU.Build.0 = Debug|Any CPU
		{C1A7BE16-E2D6-4782-905D-8BC105304365}.Release|Any CPU.ActiveCfg = Release|Any CPU
		{C1A7BE16-E2D6-4782-905D-8BC105304365}.Release|Any CPU.Build.0 = Release|Any CPU
	EndGlobalSection
	GlobalSection(SolutionProperties) = preSolution
		HideSolutionNode = FALSE
	EndGlobalSection
	GlobalSection(ExtensibilityGlobals) = postSolution
		SolutionGuid = {E73AF2AA-F0B0-45A5-8F88-2AE25452979A}
	EndGlobalSection
EndGlobal
